
Microsoft Visual Studio Solution File, Format Version 10.00
# Visual Studio 2008
Project("{2150E333-8FDC-42A3-9474-1A3956D46DE8}") = "Solution Items", "Solution Items", "{565E49DA-AFA6-43A6-8CD8-B3165868B2A2}"
	ProjectSection(SolutionItems) = preProject
		AUTHORS = AUTHORS
		ChangeLog = ChangeLog
		COPYING = COPYING
		NEWS = NEWS
		README = README
		TODO = TODO
	EndProjectSection
EndProject
Project("{8BC9CEB8-8B4A-11D0-8D11-00A0C91BC942}") = "unit_tests", "unit_tests\unit_tests_VS2008.vcproj", "{BBBC875F-89BB-424D-8626-B0B2D856CFAA}"
	ProjectSection(ProjectDependencies) = postProject
		{EDEFA143-27DB-4085-AB78-106083482DB1} = {EDEFA143-27DB-4085-AB78-106083482DB1}
	EndProjectSection
EndProject
Project("{8BC9CEB8-8B4A-11D0-8D11-00A0C91BC942}") = "gstl", "gstl\gstl_VS2008.vcproj", "{317AB518-3AB8-4F87-9977-E413EDA3F859}"
EndProject
Project("{8BC9CEB8-8B4A-11D0-8D11-00A0C91BC942}") = "cppunit", "cppunit\cppunit.vcproj", "{EDEFA143-27DB-4085-AB78-106083482DB1}"
EndProject
Global
	GlobalSection(SolutionConfigurationPlatforms) = preSolution
		Debug|Win32 = Debug|Win32
		Release|Win32 = Release|Win32
	EndGlobalSection
	GlobalSection(ProjectConfigurationPlatforms) = postSolution
		{BBBC875F-89BB-424D-8626-B0B2D856CFAA}.Debug|Win32.ActiveCfg = Debug|Win32
		{BBBC875F-89BB-424D-8626-B0B2D856CFAA}.Debug|Win32.Build.0 = Debug|Win32
		{BBBC875F-89BB-424D-8626-B0B2D856CFAA}.Release|Win32.ActiveCfg = Release|Win32
		{BBBC875F-89BB-424D-8626-B0B2D856CFAA}.Release|Win32.Build.0 = Release|Win32
		{317AB518-3AB8-4F87-9977-E413EDA3F859}.Debug|Win32.ActiveCfg = Debug|Win32
		{317AB518-3AB8-4F87-9977-E413EDA3F859}.Debug|Win32.Build.0 = Debug|Win32
		{317AB518-3AB8-4F87-9977-E413EDA3F859}.Release|Win32.ActiveCfg = Release|Win32
		{317AB518-3AB8-4F87-9977-E413EDA3F859}.Release|Win32.Build.0 = Release|Win32
		{EDEFA143-27DB-4085-AB78-106083482DB1}.Debug|Win32.ActiveCfg = Debug|Win32
		{EDEFA143-27DB-4085-AB78-106083482DB1}.Debug|Win32.Build.0 = Debug|Win32
		{EDEFA143-27DB-4085-AB78-106083482DB1}.Release|Win32.ActiveCfg = Release|Win32
		{EDEFA143-27DB-4085-AB78-106083482DB1}.Release|Win32.Build.0 = Release|Win32
	EndGlobalSection
	GlobalSection(SolutionProperties) = preSolution
		HideSolutionNode = FALSE
	EndGlobalSection
EndGlobal
