
Microsoft Visual Studio Solution File, Format Version 9.00
# Visual Studio 2005
Project("{8BC9CEB8-8B4A-11D0-8D11-00A0C91BC942}") = "UnitTests", "UnitTests\UnitTests.vcproj", "{BBBC875F-89BB-424D-8626-B0B2D856CFAA}"
EndProject
Project("{8BC9CEB8-8B4A-11D0-8D11-00A0C91BC942}") = "Managers", "Managers\Managers.vcproj", "{317AB518-3AB8-4F87-9977-E413EDA3F859}"
EndProject
Global
	GlobalSection(SolutionConfigurationPlatforms) = preSolution
		Debug|Win32 = Debug|Win32
		Release|Win32 = Release|Win32
	EndGlobalSection
	GlobalSection(ProjectConfigurationPlatforms) = postSolution
		{BBBC875F-89BB-424D-8626-B0B2D856CFAA}.Debug|Win32.ActiveCfg = Debug|Win32
		{BBBC875F-89BB-424D-8626-B0B2D856CFAA}.Debug|Win32.Build.0 = Debug|Win32
		{BBBC875F-89BB-424D-8626-B0B2D856CFAA}.Release|Win32.ActiveCfg = Release|Win32
		{BBBC875F-89BB-424D-8626-B0B2D856CFAA}.Release|Win32.Build.0 = Release|Win32
		{317AB518-3AB8-4F87-9977-E413EDA3F859}.Debug|Win32.ActiveCfg = Debug|Win32
		{317AB518-3AB8-4F87-9977-E413EDA3F859}.Debug|Win32.Build.0 = Debug|Win32
		{317AB518-3AB8-4F87-9977-E413EDA3F859}.Release|Win32.ActiveCfg = Release|Win32
		{317AB518-3AB8-4F87-9977-E413EDA3F859}.Release|Win32.Build.0 = Release|Win32
	EndGlobalSection
	GlobalSection(SolutionProperties) = preSolution
		HideSolutionNode = FALSE
	EndGlobalSection
EndGlobal
