<?xml version="1.0" encoding="utf-8"?>
<Project ToolsVersion="4.0" xmlns="http://schemas.microsoft.com/developer/msbuild/2003">
  <ItemGroup>
    <Filter Include="perf_tests">
      <UniqueIdentifier>{4FC737F1-C7A5-4376-A066-2A32D752A2FF}</UniqueIdentifier>
      <Extensions>cpp;c;cc;cxx;def;odl;idl;hpj;bat;asm;asmx</Extensions>
    </Filter>
    <Filter Include="detail">
      <UniqueIdentifier>{d88a1651-48a0-439b-9949-29931ce0bc85}</UniqueIdentifier>
    </Filter>
  </ItemGroup>
  <ItemGroup>
    <ClInclude Include="..\unit_tests\managers.h">
      <Filter>perf_tests</Filter>
    </ClInclude>
    <ClInclude Include="perf_timer.h">
      <Filter>perf_tests</Filter>
    </ClInclude>
    <ClInclude Include="stdafx.h">
      <Filter>perf_tests</Filter>
    </ClInclude>
    <ClInclude Include="test_templates.h">
      <Filter>perf_tests</Filter>
    </ClInclude>
    <ClInclude Include="detail\test.h">
      <Filter>detail</Filter>
    </ClInclude>
    <ClInclude Include="detail\test_mt.h">
      <Filter>detail</Filter>
    </ClInclude>
    <ClInclude Include="detail\win_perf_timer.h">
      <Filter>detail</Filter>
    </ClInclude>
  </ItemGroup>
  <ItemGroup>
    <ClCompile Include="perf_tests.cpp">
      <Filter>perf_tests</Filter>
    </ClCompile>
    <ClCompile Include="stdafx.cpp">
      <Filter>perf_tests</Filter>
    </ClCompile>
    <ClCompile Include="test_boost_interprocess.cpp">
      <Filter>perf_tests</Filter>
    </ClCompile>
    <ClCompile Include="test_managed_base.cpp">
      <Filter>perf_tests</Filter>
    </ClCompile>
    <ClCompile Include="test_math.cpp">
      <Filter>perf_tests</Filter>
    </ClCompile>
    <ClCompile Include="test_memory_manager.cpp">
      <Filter>perf_tests</Filter>
    </ClCompile>
    <ClCompile Include="test_multithreaded.cpp">
      <Filter>perf_tests</Filter>
    </ClCompile>
    <ClCompile Include="test_offset_pointer.cpp">
      <Filter>perf_tests</Filter>
    </ClCompile>
    <ClCompile Include="test_pool.cpp">
      <Filter>perf_tests</Filter>
    </ClCompile>
    <ClCompile Include="detail\test.cpp">
      <Filter>detail</Filter>
    </ClCompile>
    <ClCompile Include="detail\win_perf_timer.cpp">
      <Filter>detail</Filter>
    </ClCompile>
  </ItemGroup>
</Project>