<?xml version="1.0" encoding="utf-8"?>
<Project ToolsVersion="4.0" xmlns="http://schemas.microsoft.com/developer/msbuild/2003">
  <ItemGroup>
    <Filter Include="Source Files">
      <UniqueIdentifier>{4FC737F1-C7A5-4376-A066-2A32D752A2FF}</UniqueIdentifier>
      <Extensions>cpp;c;cc;cxx;def;odl;idl;hpj;bat;asm;asmx</Extensions>
    </Filter>
    <Filter Include="Header Files">
      <UniqueIdentifier>{93995380-89BD-4b04-88EB-625FBE52EBFB}</UniqueIdentifier>
      <Extensions>h;hpp;hxx;hm;inl;inc;xsd</Extensions>
    </Filter>
    <Filter Include="pool">
      <UniqueIdentifier>{4f75e56d-33c6-4411-abe2-5f13cc419ff5}</UniqueIdentifier>
    </Filter>
  </ItemGroup>
  <ItemGroup>
    <ClCompile Include="stdafx.cpp">
      <Filter>Source Files</Filter>
    </ClCompile>
    <ClCompile Include="test_allocator.cpp">
      <Filter>Source Files</Filter>
    </ClCompile>
    <ClCompile Include="test_bit_manager.cpp">
      <Filter>Source Files</Filter>
    </ClCompile>
    <ClCompile Include="test_class.cpp">
      <Filter>Source Files</Filter>
    </ClCompile>
    <ClCompile Include="test_intrusive_ptr.cpp">
      <Filter>Source Files</Filter>
    </ClCompile>
    <ClCompile Include="test_low_fragmentation_manager.cpp">
      <Filter>Source Files</Filter>
    </ClCompile>
    <ClCompile Include="test_managed_base.cpp">
      <Filter>Source Files</Filter>
    </ClCompile>
    <ClCompile Include="test_math.cpp">
      <Filter>Source Files</Filter>
    </ClCompile>
    <ClCompile Include="test_memory_manager.cpp">
      <Filter>Source Files</Filter>
    </ClCompile>
    <ClCompile Include="test_memory_segment.cpp">
      <Filter>Source Files</Filter>
    </ClCompile>
    <ClCompile Include="test_named_objects.cpp">
      <Filter>Source Files</Filter>
    </ClCompile>
    <ClCompile Include="test_new.cpp">
      <Filter>Source Files</Filter>
    </ClCompile>
    <ClCompile Include="test_offset_pointer.cpp">
      <Filter>Source Files</Filter>
    </ClCompile>
    <ClCompile Include="test_pool.cpp">
      <Filter>Source Files</Filter>
    </ClCompile>
    <ClCompile Include="test_segment_manager.cpp">
      <Filter>Source Files</Filter>
    </ClCompile>
    <ClCompile Include="test_shared_ptr.cpp">
      <Filter>Source Files</Filter>
    </ClCompile>
    <ClCompile Include="test_shared_segment.cpp">
      <Filter>Source Files</Filter>
    </ClCompile>
    <ClCompile Include="test_size_tracking.cpp">
      <Filter>Source Files</Filter>
    </ClCompile>
    <ClCompile Include="test_static_bitset.cpp">
      <Filter>Source Files</Filter>
    </ClCompile>
    <ClCompile Include="test_temp_buffer.cpp">
      <Filter>Source Files</Filter>
    </ClCompile>
    <ClCompile Include="test_type_manip.cpp">
      <Filter>Source Files</Filter>
    </ClCompile>
    <ClCompile Include="unit_tests.cpp">
      <Filter>Source Files</Filter>
    </ClCompile>
    <ClCompile Include="detect_memory_leaks.cpp">
      <Filter>Header Files</Filter>
    </ClCompile>
    <ClCompile Include="pool\test_pool_alloc.cpp">
      <Filter>pool</Filter>
    </ClCompile>
    <ClCompile Include="pool\time_pool_alloc.cpp">
      <Filter>pool</Filter>
    </ClCompile>
  </ItemGroup>
  <ItemGroup>
    <ClInclude Include="common_manager_tests.h">
      <Filter>Header Files</Filter>
    </ClInclude>
    <ClInclude Include="detect_memory_leaks.h">
      <Filter>Header Files</Filter>
    </ClInclude>
    <ClInclude Include="stdafx.h">
      <Filter>Header Files</Filter>
    </ClInclude>
    <ClInclude Include="test_class.h">
      <Filter>Header Files</Filter>
    </ClInclude>
    <ClInclude Include="pool\sys_allocator.hpp">
      <Filter>pool</Filter>
    </ClInclude>
  </ItemGroup>
</Project>