<?xml version="1.0" encoding="utf-8"?>
<Project ToolsVersion="4.0" xmlns="http://schemas.microsoft.com/developer/msbuild/2003">
  <ItemGroup>
    <Filter Include="Source Files">
      <UniqueIdentifier>{4FC737F1-C7A5-4376-A066-2A32D752A2FF}</UniqueIdentifier>
      <Extensions>cpp;c;cc;cxx;def;odl;idl;hpj;bat;asm;asmx</Extensions>
    </Filter>
    <Filter Include="Header Files">
      <UniqueIdentifier>{93995380-89BD-4b04-88EB-625FBE52EBFB}</UniqueIdentifier>
      <Extensions>h;hpp;hxx;hm;inl;inc;xsd</Extensions>
    </Filter>
    <Filter Include="detail">
      <UniqueIdentifier>{f5498451-154b-44a8-8533-0c57d6a12f4d}</UniqueIdentifier>
    </Filter>
  </ItemGroup>
  <ItemGroup>
    <ClCompile Include="stdafx.cpp">
      <Filter>Source Files</Filter>
    </ClCompile>
    <ClCompile Include="test_algorithm.cpp">
      <Filter>Source Files</Filter>
    </ClCompile>
    <ClCompile Include="test_allocator.cpp">
      <Filter>Source Files</Filter>
    </ClCompile>
    <ClCompile Include="test_basic_string.cpp">
      <Filter>Source Files</Filter>
    </ClCompile>
    <ClCompile Include="test_char_traits.cpp">
      <Filter>Source Files</Filter>
    </ClCompile>
    <ClCompile Include="test_class.cpp">
      <Filter>Source Files</Filter>
    </ClCompile>
    <ClCompile Include="test_deque.cpp">
      <Filter>Source Files</Filter>
    </ClCompile>
    <ClCompile Include="test_dynamic_buffer.cpp">
      <Filter>Source Files</Filter>
    </ClCompile>
    <ClCompile Include="test_iterator.cpp">
      <Filter>Source Files</Filter>
    </ClCompile>
    <ClCompile Include="test_list.cpp">
      <Filter>Source Files</Filter>
    </ClCompile>
    <ClCompile Include="test_named_allocator.cpp">
      <Filter>Source Files</Filter>
    </ClCompile>
    <ClCompile Include="test_pointer_traits.cpp">
      <Filter>Source Files</Filter>
    </ClCompile>
    <ClCompile Include="test_queue.cpp">
      <Filter>Source Files</Filter>
    </ClCompile>
    <ClCompile Include="test_stack.cpp">
      <Filter>Source Files</Filter>
    </ClCompile>
    <ClCompile Include="test_utilities.cpp">
      <Filter>Source Files</Filter>
    </ClCompile>
    <ClCompile Include="test_vector.cpp">
      <Filter>Source Files</Filter>
    </ClCompile>
    <ClCompile Include="test_boost_range.cpp">
      <Filter>Source Files</Filter>
    </ClCompile>
  </ItemGroup>
  <ItemGroup>
    <ClInclude Include="managers.hpp">
      <Filter>Header Files</Filter>
    </ClInclude>
    <ClInclude Include="operations_tracer.hpp">
      <Filter>Header Files</Filter>
    </ClInclude>
    <ClInclude Include="stdafx.h">
      <Filter>Header Files</Filter>
    </ClInclude>
    <ClInclude Include="test_class.hpp">
      <Filter>Header Files</Filter>
    </ClInclude>
    <ClInclude Include="test_common.hpp">
      <Filter>Header Files</Filter>
    </ClInclude>
    <ClInclude Include="detail\test_access_operators.hpp">
      <Filter>detail</Filter>
    </ClInclude>
    <ClInclude Include="detail\test_assign_operator.hpp">
      <Filter>detail</Filter>
    </ClInclude>
    <ClInclude Include="detail\test_assign_throw.hpp">
      <Filter>detail</Filter>
    </ClInclude>
    <ClInclude Include="detail\test_back.hpp">
      <Filter>detail</Filter>
    </ClInclude>
    <ClInclude Include="detail\test_begin_end.hpp">
      <Filter>detail</Filter>
    </ClInclude>
    <ClInclude Include="detail\test_clear.hpp">
      <Filter>detail</Filter>
    </ClInclude>
    <ClInclude Include="detail\test_compare_operators.hpp">
      <Filter>detail</Filter>
    </ClInclude>
    <ClInclude Include="detail\test_construction.hpp">
      <Filter>detail</Filter>
    </ClInclude>
    <ClInclude Include="detail\test_construction_throw.hpp">
      <Filter>detail</Filter>
    </ClInclude>
    <ClInclude Include="detail\test_empty.hpp">
      <Filter>detail</Filter>
    </ClInclude>
    <ClInclude Include="detail\test_erase_iter.hpp">
      <Filter>detail</Filter>
    </ClInclude>
    <ClInclude Include="detail\test_erase_range.hpp">
      <Filter>detail</Filter>
    </ClInclude>
    <ClInclude Include="detail\test_front.hpp">
      <Filter>detail</Filter>
    </ClInclude>
    <ClInclude Include="detail\test_iterator.hpp">
      <Filter>detail</Filter>
    </ClInclude>
    <ClInclude Include="detail\test_push_pop.hpp">
      <Filter>detail</Filter>
    </ClInclude>
    <ClInclude Include="detail\test_push_pop_back.hpp">
      <Filter>detail</Filter>
    </ClInclude>
    <ClInclude Include="detail\test_push_pop_front.hpp">
      <Filter>detail</Filter>
    </ClInclude>
    <ClInclude Include="detail\test_reserve.hpp">
      <Filter>detail</Filter>
    </ClInclude>
    <ClInclude Include="detail\test_resize.hpp">
      <Filter>detail</Filter>
    </ClInclude>
    <ClInclude Include="detail\test_resize_reserve_throw.hpp">
      <Filter>detail</Filter>
    </ClInclude>
    <ClInclude Include="detail\test_swap.hpp">
      <Filter>detail</Filter>
    </ClInclude>
    <ClInclude Include="detail\test_wrapper_compare_operators.hpp">
      <Filter>detail</Filter>
    </ClInclude>
    <ClInclude Include="detail\test_wrapper_construction.hpp">
      <Filter>detail</Filter>
    </ClInclude>
  </ItemGroup>
</Project>